{
	"name": "seedbed",
	"version": "1.0.2",
	"lockfileVersion": 1,
	"requires": true,
	"dependencies": {
		"lodash": {
			"version": "2.4.2",
			"resolved": "https://registry.npmjs.org/lodash/-/lodash-2.4.2.tgz",
			"integrity": "sha1-+t2DS5aDBz2hebPq5tnA0VBT9z4="
		},
		"nodejs-config": {
			"version": "1.0.1",
			"resolved": "https://registry.npmjs.org/nodejs-config/-/nodejs-config-1.0.1.tgz",
			"integrity": "sha1-DT4a5VPLjvYSENTtKVEs3rvqRxc=",
			"requires": {
				"lodash": "2.4.2"
			}
		}
	}
}
